
Microsoft Visual Studio Solution File, Format Version 12.00
# Visual Studio Version 17
VisualStudioVersion = 17.9.34728.123
MinimumVisualStudioVersion = 10.0.40219.1
Project("{9A19103F-16F7-4668-BE54-9A1E7A4F7556}") = "LOTR_CR", "LOTR_CR\LOTR_CR.csproj", "{AAD9B0FF-BC99-409A-89B6-03F732AB290B}"
EndProject
Project("{9A19103F-16F7-4668-BE54-9A1E7A4F7556}") = "ImageArranger", "ImageArranger\ImageArranger.csproj", "{505F35FC-5B8D-4722-A5DA-AAF871648B6A}"
EndProject
Global
	GlobalSection(SolutionConfigurationPlatforms) = preSolution
		Debug|Any CPU = Debug|Any CPU
		Release|Any CPU = Release|Any CPU
	EndGlobalSection
	GlobalSection(ProjectConfigurationPlatforms) = postSolution
		{AAD9B0FF-BC99-409A-89B6-03F732AB290B}.Debug|Any CPU.ActiveCfg = Debug|Any CPU
		{AAD9B0FF-BC99-409A-89B6-03F732AB290B}.Debug|Any CPU.Build.0 = Debug|Any CPU
		{AAD9B0FF-BC99-409A-89B6-03F732AB290B}.Release|Any CPU.ActiveCfg = Release|Any CPU
		{AAD9B0FF-BC99-409A-89B6-03F732AB290B}.Release|Any CPU.Build.0 = Release|Any CPU
		{505F35FC-5B8D-4722-A5DA-AAF871648B6A}.Debug|Any CPU.ActiveCfg = Debug|Any CPU
		{505F35FC-5B8D-4722-A5DA-AAF871648B6A}.Debug|Any CPU.Build.0 = Debug|Any CPU
		{505F35FC-5B8D-4722-A5DA-AAF871648B6A}.Release|Any CPU.ActiveCfg = Release|Any CPU
		{505F35FC-5B8D-4722-A5DA-AAF871648B6A}.Release|Any CPU.Build.0 = Release|Any CPU
	EndGlobalSection
	GlobalSection(SolutionProperties) = preSolution
		HideSolutionNode = FALSE
	EndGlobalSection
	GlobalSection(ExtensibilityGlobals) = postSolution
		SolutionGuid = {DF3B0D08-4D85-4A3A-9C3A-015FE4DFC9CC}
	EndGlobalSection
EndGlobal
